
Microsoft Visual Studio Solution File, Format Version 12.00
# Visual Studio Version 16
VisualStudioVersion = 25.0.1706.1
MinimumVisualStudioVersion = 10.0.40219.1
Project("{FAE04EC0-301F-11D3-BF4B-00C04F79EFBC}") = "AgileProject", "AgileProject\AgileProject.csproj", "{A07048A7-0F95-45D4-86EE-B407BA8B4717}"
EndProject
Global
	GlobalSection(SolutionConfigurationPlatforms) = preSolution
		Debug|Any CPU = Debug|Any CPU
		Release|Any CPU = Release|Any CPU
	EndGlobalSection
	GlobalSection(ProjectConfigurationPlatforms) = postSolution
		{A07048A7-0F95-45D4-86EE-B407BA8B4717}.Debug|Any CPU.ActiveCfg = Debug|Any CPU
		{A07048A7-0F95-45D4-86EE-B407BA8B4717}.Debug|Any CPU.Build.0 = Debug|Any CPU
		{A07048A7-0F95-45D4-86EE-B407BA8B4717}.Release|Any CPU.ActiveCfg = Release|Any CPU
		{A07048A7-0F95-45D4-86EE-B407BA8B4717}.Release|Any CPU.Build.0 = Release|Any CPU
	EndGlobalSection
	GlobalSection(SolutionProperties) = preSolution
		HideSolutionNode = FALSE
	EndGlobalSection
	GlobalSection(ExtensibilityGlobals) = postSolution
		SolutionGuid = {1A1C4749-155E-4ED6-B848-D5E72C0124A1}
	EndGlobalSection
EndGlobal
